// !$*UTF8*$!
{
	archiveVersion = 1;
	classes = {
	};
	objectVersion = 56;
	objects = {

/* Begin PBXBuildFile section */
		AA0B31D629064E790098BB49 /* DHTSensorView.swift in Sources */ = {isa = PBXBuildFile; fileRef = AA0B31D529064E790098BB49 /* DHTSensorView.swift */; };
		AA0B31D829064EA60098BB49 /* SidebarNavigationList.swift in Sources */ = {isa = PBXBuildFile; fileRef = AA0B31D729064EA60098BB49 /* SidebarNavigationList.swift */; };
		AA0B31DA2906B5D70098BB49 /* NavigationDetailView.swift in Sources */ = {isa = PBXBuildFile; fileRef = AA0B31D92906B5D70098BB49 /* NavigationDetailView.swift */; };
		AA0B31DC2906B7720098BB49 /* LaunchScreen.swift in Sources */ = {isa = PBXBuildFile; fileRef = AA0B31DB2906B7720098BB49 /* LaunchScreen.swift */; };
		AA33D6FB2916A75B005F215D /* DHTSensorMonitorDetailsGroup.swift in Sources */ = {isa = PBXBuildFile; fileRef = AA33D6FA2916A75B005F215D /* DHTSensorMonitorDetailsGroup.swift */; };
		AA46F260291A521F00D35052 /* DHTSensorProgressView.swift in Sources */ = {isa = PBXBuildFile; fileRef = AA46F25F291A521F00D35052 /* DHTSensorProgressView.swift */; };
		AA4C99E2291F5E6600CD18DB /* QuickSensorWatchApp.swift in Sources */ = {isa = PBXBuildFile; fileRef = AA4C99E1291F5E6600CD18DB /* QuickSensorWatchApp.swift */; };
		AA4C99E4291F5E6600CD18DB /* ContentView.swift in Sources */ = {isa = PBXBuildFile; fileRef = AA4C99E3291F5E6600CD18DB /* ContentView.swift */; };
		AA4C99E6291F5E6700CD18DB /* Assets.xcassets in Resources */ = {isa = PBXBuildFile; fileRef = AA4C99E5291F5E6700CD18DB /* Assets.xcassets */; };
		AA4C99E9291F5E6700CD18DB /* Preview Assets.xcassets in Resources */ = {isa = PBXBuildFile; fileRef = AA4C99E8291F5E6700CD18DB /* Preview Assets.xcassets */; };
		AA4C99F2291F5EFB00CD18DB /* QuickSensorListView.swift in Sources */ = {isa = PBXBuildFile; fileRef = AA4C99F1291F5EFB00CD18DB /* QuickSensorListView.swift */; };
		AA4C99F6291F9E9B00CD18DB /* QuickSensorOptionsModal.swift in Sources */ = {isa = PBXBuildFile; fileRef = AA4C99F5291F9E9A00CD18DB /* QuickSensorOptionsModal.swift */; };
		AA4C99F7291F9ED800CD18DB /* UniversalSupport.swift in Sources */ = {isa = PBXBuildFile; fileRef = AAE72DB9290E1E330036688A /* UniversalSupport.swift */; };
		AA4C99F8291FA47400CD18DB /* Localizable.strings in Resources */ = {isa = PBXBuildFile; fileRef = AA5BA7E729058B4B00C266AE /* Localizable.strings */; };
		AA5BA7CA29058A6000C266AE /* QuickSensorApp.swift in Sources */ = {isa = PBXBuildFile; fileRef = AA5BA7C929058A6000C266AE /* QuickSensorApp.swift */; };
		AA5BA7CC29058A6000C266AE /* ContentView.swift in Sources */ = {isa = PBXBuildFile; fileRef = AA5BA7CB29058A6000C266AE /* ContentView.swift */; };
		AA5BA7CE29058A6100C266AE /* Assets.xcassets in Resources */ = {isa = PBXBuildFile; fileRef = AA5BA7CD29058A6100C266AE /* Assets.xcassets */; };
		AA5BA7D229058A6100C266AE /* Preview Assets.xcassets in Resources */ = {isa = PBXBuildFile; fileRef = AA5BA7D129058A6100C266AE /* Preview Assets.xcassets */; };
		AA5BA7D929058A8A00C266AE /* DHTSensorMonitor.swift in Sources */ = {isa = PBXBuildFile; fileRef = AA5BA7D829058A8A00C266AE /* DHTSensorMonitor.swift */; };
		AA5BA7DB29058A9500C266AE /* DHTSensorRecordsView.swift in Sources */ = {isa = PBXBuildFile; fileRef = AA5BA7DA29058A9500C266AE /* DHTSensorRecordsView.swift */; };
		AA5BA7DD29058AA000C266AE /* DHTSensorSupport.swift in Sources */ = {isa = PBXBuildFile; fileRef = AA5BA7DC29058AA000C266AE /* DHTSensorSupport.swift */; };
		AA5BA7DF29058AAA00C266AE /* Persistence.swift in Sources */ = {isa = PBXBuildFile; fileRef = AA5BA7DE29058AAA00C266AE /* Persistence.swift */; };
		AA5BA7E229058ABD00C266AE /* QuickSensor.xcdatamodeld in Sources */ = {isa = PBXBuildFile; fileRef = AA5BA7E029058ABD00C266AE /* QuickSensor.xcdatamodeld */; };
		AA5BA7E529058B4B00C266AE /* Localizable.strings in Resources */ = {isa = PBXBuildFile; fileRef = AA5BA7E729058B4B00C266AE /* Localizable.strings */; };
		AA9C52EA29152ACE00AD15AA /* SensorMonitorOptionsModal.swift in Sources */ = {isa = PBXBuildFile; fileRef = AA9C52E929152ACE00AD15AA /* SensorMonitorOptionsModal.swift */; };
		AAABBAAF290A366800775A0F /* IlluminanceSensorMonitor.swift in Sources */ = {isa = PBXBuildFile; fileRef = AAABBAAE290A366800775A0F /* IlluminanceSensorMonitor.swift */; };
		AAABBAB1290A379500775A0F /* IlluminanceSensorSupport.swift in Sources */ = {isa = PBXBuildFile; fileRef = AAABBAB0290A379500775A0F /* IlluminanceSensorSupport.swift */; };
		AAAE3EED290B743200F8E7F2 /* SettingsView.swift in Sources */ = {isa = PBXBuildFile; fileRef = AAAE3EEC290B743200F8E7F2 /* SettingsView.swift */; };
		AAAFE89729125EAB00E32A44 /* NetworkSupport.swift in Sources */ = {isa = PBXBuildFile; fileRef = AAAFE89629125EAB00E32A44 /* NetworkSupport.swift */; };
		AABCC97D29225CBB005C6B74 /* IlluminanceSensorRecordsView.swift in Sources */ = {isa = PBXBuildFile; fileRef = AABCC97C29225CBB005C6B74 /* IlluminanceSensorRecordsView.swift */; };
		AAE4553C291FB0D7005A5C90 /* NetworkSupport.swift in Sources */ = {isa = PBXBuildFile; fileRef = AAAFE89629125EAB00E32A44 /* NetworkSupport.swift */; };
		AAE4553D291FB174005A5C90 /* DHTSensorSupport.swift in Sources */ = {isa = PBXBuildFile; fileRef = AA5BA7DC29058AA000C266AE /* DHTSensorSupport.swift */; };
		AAE4553E291FB174005A5C90 /* IlluminanceSensorSupport.swift in Sources */ = {isa = PBXBuildFile; fileRef = AAABBAB0290A379500775A0F /* IlluminanceSensorSupport.swift */; };
		AAE72DBA290E1E330036688A /* UniversalSupport.swift in Sources */ = {isa = PBXBuildFile; fileRef = AAE72DB9290E1E330036688A /* UniversalSupport.swift */; };
		AAE72DBC290E434B0036688A /* IlluminanceSensorView.swift in Sources */ = {isa = PBXBuildFile; fileRef = AAE72DBB290E434B0036688A /* IlluminanceSensorView.swift */; };
/* End PBXBuildFile section */

/* Begin PBXFileReference section */
		AA0B31D529064E790098BB49 /* DHTSensorView.swift */ = {isa = PBXFileReference; lastKnownFileType = sourcecode.swift; path = DHTSensorView.swift; sourceTree = "<group>"; };
		AA0B31D729064EA60098BB49 /* SidebarNavigationList.swift */ = {isa = PBXFileReference; lastKnownFileType = sourcecode.swift; path = SidebarNavigationList.swift; sourceTree = "<group>"; };
		AA0B31D92906B5D70098BB49 /* NavigationDetailView.swift */ = {isa = PBXFileReference; lastKnownFileType = sourcecode.swift; path = NavigationDetailView.swift; sourceTree = "<group>"; };
		AA0B31DB2906B7720098BB49 /* LaunchScreen.swift */ = {isa = PBXFileReference; lastKnownFileType = sourcecode.swift; path = LaunchScreen.swift; sourceTree = "<group>"; };
		AA33D6FA2916A75B005F215D /* DHTSensorMonitorDetailsGroup.swift */ = {isa = PBXFileReference; lastKnownFileType = sourcecode.swift; path = DHTSensorMonitorDetailsGroup.swift; sourceTree = "<group>"; };
		AA46F25F291A521F00D35052 /* DHTSensorProgressView.swift */ = {isa = PBXFileReference; lastKnownFileType = sourcecode.swift; path = DHTSensorProgressView.swift; sourceTree = "<group>"; };
		AA4C99DC291F5E6600CD18DB /* QuickSensorWatch Watch App.app */ = {isa = PBXFileReference; explicitFileType = wrapper.application; includeInIndex = 0; path = "QuickSensorWatch Watch App.app"; sourceTree = BUILT_PRODUCTS_DIR; };
		AA4C99E1291F5E6600CD18DB /* QuickSensorWatchApp.swift */ = {isa = PBXFileReference; lastKnownFileType = sourcecode.swift; path = QuickSensorWatchApp.swift; sourceTree = "<group>"; };
		AA4C99E3291F5E6600CD18DB /* ContentView.swift */ = {isa = PBXFileReference; lastKnownFileType = sourcecode.swift; path = ContentView.swift; sourceTree = "<group>"; };
		AA4C99E5291F5E6700CD18DB /* Assets.xcassets */ = {isa = PBXFileReference; lastKnownFileType = folder.assetcatalog; path = Assets.xcassets; sourceTree = "<group>"; };
		AA4C99E8291F5E6700CD18DB /* Preview Assets.xcassets */ = {isa = PBXFileReference; lastKnownFileType = folder.assetcatalog; path = "Preview Assets.xcassets"; sourceTree = "<group>"; };
		AA4C99F1291F5EFB00CD18DB /* QuickSensorListView.swift */ = {isa = PBXFileReference; lastKnownFileType = sourcecode.swift; path = QuickSensorListView.swift; sourceTree = "<group>"; };
		AA4C99F5291F9E9A00CD18DB /* QuickSensorOptionsModal.swift */ = {isa = PBXFileReference; lastKnownFileType = sourcecode.swift; path = QuickSensorOptionsModal.swift; sourceTree = "<group>"; };
		AA5BA7C629058A6000C266AE /* QuickSensor.app */ = {isa = PBXFileReference; explicitFileType = wrapper.application; includeInIndex = 0; path = QuickSensor.app; sourceTree = BUILT_PRODUCTS_DIR; };
		AA5BA7C929058A6000C266AE /* QuickSensorApp.swift */ = {isa = PBXFileReference; lastKnownFileType = sourcecode.swift; path = QuickSensorApp.swift; sourceTree = "<group>"; };
		AA5BA7CB29058A6000C266AE /* ContentView.swift */ = {isa = PBXFileReference; lastKnownFileType = sourcecode.swift; path = ContentView.swift; sourceTree = "<group>"; };
		AA5BA7CD29058A6100C266AE /* Assets.xcassets */ = {isa = PBXFileReference; lastKnownFileType = folder.assetcatalog; path = Assets.xcassets; sourceTree = "<group>"; };
		AA5BA7CF29058A6100C266AE /* QuickSensor.entitlements */ = {isa = PBXFileReference; lastKnownFileType = text.plist.entitlements; path = QuickSensor.entitlements; sourceTree = "<group>"; };
		AA5BA7D129058A6100C266AE /* Preview Assets.xcassets */ = {isa = PBXFileReference; lastKnownFileType = folder.assetcatalog; path = "Preview Assets.xcassets"; sourceTree = "<group>"; };
		AA5BA7D829058A8A00C266AE /* DHTSensorMonitor.swift */ = {isa = PBXFileReference; lastKnownFileType = sourcecode.swift; path = DHTSensorMonitor.swift; sourceTree = "<group>"; };
		AA5BA7DA29058A9500C266AE /* DHTSensorRecordsView.swift */ = {isa = PBXFileReference; lastKnownFileType = sourcecode.swift; path = DHTSensorRecordsView.swift; sourceTree = "<group>"; };
		AA5BA7DC29058AA000C266AE /* DHTSensorSupport.swift */ = {isa = PBXFileReference; lastKnownFileType = sourcecode.swift; path = DHTSensorSupport.swift; sourceTree = "<group>"; };
		AA5BA7DE29058AAA00C266AE /* Persistence.swift */ = {isa = PBXFileReference; lastKnownFileType = sourcecode.swift; path = Persistence.swift; sourceTree = "<group>"; };
		AA5BA7E129058ABD00C266AE /* QuickSensor.xcdatamodel */ = {isa = PBXFileReference; lastKnownFileType = wrapper.xcdatamodel; path = QuickSensor.xcdatamodel; sourceTree = "<group>"; };
		AA5BA7E629058B4B00C266AE /* zh-Hans */ = {isa = PBXFileReference; lastKnownFileType = text.plist.strings; name = "zh-Hans"; path = "zh-Hans.lproj/Localizable.strings"; sourceTree = "<group>"; };
		AA5BA7E829058B5000C266AE /* en */ = {isa = PBXFileReference; lastKnownFileType = text.plist.strings; name = en; path = en.lproj/Localizable.strings; sourceTree = "<group>"; };
		AA9C52E929152ACE00AD15AA /* SensorMonitorOptionsModal.swift */ = {isa = PBXFileReference; lastKnownFileType = sourcecode.swift; path = SensorMonitorOptionsModal.swift; sourceTree = "<group>"; };
		AAABBAAE290A366800775A0F /* IlluminanceSensorMonitor.swift */ = {isa = PBXFileReference; lastKnownFileType = sourcecode.swift; path = IlluminanceSensorMonitor.swift; sourceTree = "<group>"; };
		AAABBAB0290A379500775A0F /* IlluminanceSensorSupport.swift */ = {isa = PBXFileReference; lastKnownFileType = sourcecode.swift; path = IlluminanceSensorSupport.swift; sourceTree = "<group>"; };
		AAAE3EEC290B743200F8E7F2 /* SettingsView.swift */ = {isa = PBXFileReference; lastKnownFileType = sourcecode.swift; path = SettingsView.swift; sourceTree = "<group>"; };
		AAAFE89629125EAB00E32A44 /* NetworkSupport.swift */ = {isa = PBXFileReference; lastKnownFileType = sourcecode.swift; path = NetworkSupport.swift; sourceTree = "<group>"; };
		AABCC97C29225CBB005C6B74 /* IlluminanceSensorRecordsView.swift */ = {isa = PBXFileReference; lastKnownFileType = sourcecode.swift; path = IlluminanceSensorRecordsView.swift; sourceTree = "<group>"; };
		AAE72DB9290E1E330036688A /* UniversalSupport.swift */ = {isa = PBXFileReference; lastKnownFileType = sourcecode.swift; path = UniversalSupport.swift; sourceTree = "<group>"; };
		AAE72DBB290E434B0036688A /* IlluminanceSensorView.swift */ = {isa = PBXFileReference; lastKnownFileType = sourcecode.swift; path = IlluminanceSensorView.swift; sourceTree = "<group>"; };
/* End PBXFileReference section */

/* Begin PBXFrameworksBuildPhase section */
		AA4C99D9291F5E6600CD18DB /* Frameworks */ = {
			isa = PBXFrameworksBuildPhase;
			buildActionMask = 2147483647;
			files = (
			);
			runOnlyForDeploymentPostprocessing = 0;
		};
		AA5BA7C329058A6000C266AE /* Frameworks */ = {
			isa = PBXFrameworksBuildPhase;
			buildActionMask = 2147483647;
			files = (
			);
			runOnlyForDeploymentPostprocessing = 0;
		};
/* End PBXFrameworksBuildPhase section */

/* Begin PBXGroup section */
		AA4018A9291BDA8D0096629D /* Frameworks */ = {
			isa = PBXGroup;
			children = (
			);
			name = Frameworks;
			sourceTree = "<group>";
		};
		AA4C99E0291F5E6600CD18DB /* QuickSensorWatch Watch App */ = {
			isa = PBXGroup;
			children = (
				AA4C99E1291F5E6600CD18DB /* QuickSensorWatchApp.swift */,
				AA4C99E3291F5E6600CD18DB /* ContentView.swift */,
				AA4C99F1291F5EFB00CD18DB /* QuickSensorListView.swift */,
				AA4C99F5291F9E9A00CD18DB /* QuickSensorOptionsModal.swift */,
				AA4C99E5291F5E6700CD18DB /* Assets.xcassets */,
				AA4C99E7291F5E6700CD18DB /* Preview Content */,
			);
			path = "QuickSensorWatch Watch App";
			sourceTree = "<group>";
		};
		AA4C99E7291F5E6700CD18DB /* Preview Content */ = {
			isa = PBXGroup;
			children = (
				AA4C99E8291F5E6700CD18DB /* Preview Assets.xcassets */,
			);
			path = "Preview Content";
			sourceTree = "<group>";
		};
		AA5A8721290AD134002B5F63 /* IlluminanceSensor */ = {
			isa = PBXGroup;
			children = (
				AAE72DBB290E434B0036688A /* IlluminanceSensorView.swift */,
				AAABBAAE290A366800775A0F /* IlluminanceSensorMonitor.swift */,
				AABCC97C29225CBB005C6B74 /* IlluminanceSensorRecordsView.swift */,
				AAABBAB0290A379500775A0F /* IlluminanceSensorSupport.swift */,
			);
			path = IlluminanceSensor;
			sourceTree = "<group>";
		};
		AA5A8722290AD149002B5F63 /* Navigation */ = {
			isa = PBXGroup;
			children = (
				AA0B31D729064EA60098BB49 /* SidebarNavigationList.swift */,
				AA0B31D92906B5D70098BB49 /* NavigationDetailView.swift */,
			);
			path = Navigation;
			sourceTree = "<group>";
		};
		AA5A8723290AD165002B5F63 /* DHTSensor */ = {
			isa = PBXGroup;
			children = (
				AA0B31D529064E790098BB49 /* DHTSensorView.swift */,
				AA5BA7D829058A8A00C266AE /* DHTSensorMonitor.swift */,
				AA33D6FA2916A75B005F215D /* DHTSensorMonitorDetailsGroup.swift */,
				AA5BA7DA29058A9500C266AE /* DHTSensorRecordsView.swift */,
				AA46F25F291A521F00D35052 /* DHTSensorProgressView.swift */,
				AA5BA7DC29058AA000C266AE /* DHTSensorSupport.swift */,
			);
			path = DHTSensor;
			sourceTree = "<group>";
		};
		AA5BA7BD29058A6000C266AE = {
			isa = PBXGroup;
			children = (
				AA5BA7C829058A6000C266AE /* QuickSensor */,
				AA4C99E0291F5E6600CD18DB /* QuickSensorWatch Watch App */,
				AA5BA7C729058A6000C266AE /* Products */,
				AA4018A9291BDA8D0096629D /* Frameworks */,
			);
			sourceTree = "<group>";
		};
		AA5BA7C729058A6000C266AE /* Products */ = {
			isa = PBXGroup;
			children = (
				AA5BA7C629058A6000C266AE /* QuickSensor.app */,
				AA4C99DC291F5E6600CD18DB /* QuickSensorWatch Watch App.app */,
			);
			name = Products;
			sourceTree = "<group>";
		};
		AA5BA7C829058A6000C266AE /* QuickSensor */ = {
			isa = PBXGroup;
			children = (
				AA5BA7C929058A6000C266AE /* QuickSensorApp.swift */,
				AA5BA7CB29058A6000C266AE /* ContentView.swift */,
				AA0B31DB2906B7720098BB49 /* LaunchScreen.swift */,
				AA5BA7DE29058AAA00C266AE /* Persistence.swift */,
				AA9C52E929152ACE00AD15AA /* SensorMonitorOptionsModal.swift */,
				AAE72DB9290E1E330036688A /* UniversalSupport.swift */,
				AAAFE89629125EAB00E32A44 /* NetworkSupport.swift */,
				AA5A8722290AD149002B5F63 /* Navigation */,
				AAAE3EEE290B748300F8E7F2 /* Settings */,
				AA5A8721290AD134002B5F63 /* IlluminanceSensor */,
				AA5A8723290AD165002B5F63 /* DHTSensor */,
				AA5BA7E029058ABD00C266AE /* QuickSensor.xcdatamodeld */,
				AA5BA7E729058B4B00C266AE /* Localizable.strings */,
				AA5BA7CD29058A6100C266AE /* Assets.xcassets */,
				AA5BA7CF29058A6100C266AE /* QuickSensor.entitlements */,
				AA5BA7D029058A6100C266AE /* Preview Content */,
			);
			path = QuickSensor;
			sourceTree = "<group>";
		};
		AA5BA7D029058A6100C266AE /* Preview Content */ = {
			isa = PBXGroup;
			children = (
				AA5BA7D129058A6100C266AE /* Preview Assets.xcassets */,
			);
			path = "Preview Content";
			sourceTree = "<group>";
		};
		AAAE3EEE290B748300F8E7F2 /* Settings */ = {
			isa = PBXGroup;
			children = (
				AAAE3EEC290B743200F8E7F2 /* SettingsView.swift */,
			);
			path = Settings;
			sourceTree = "<group>";
		};
/* End PBXGroup section */

/* Begin PBXNativeTarget section */
		AA4C99DB291F5E6600CD18DB /* QuickSensorWatch Watch App */ = {
			isa = PBXNativeTarget;
			buildConfigurationList = AA4C99EF291F5E6700CD18DB /* Build configuration list for PBXNativeTarget "QuickSensorWatch Watch App" */;
			buildPhases = (
				AA4C99D8291F5E6600CD18DB /* Sources */,
				AA4C99D9291F5E6600CD18DB /* Frameworks */,
				AA4C99DA291F5E6600CD18DB /* Resources */,
			);
			buildRules = (
			);
			dependencies = (
			);
			name = "QuickSensorWatch Watch App";
			productName = "QuickSensorWatch Watch App";
			productReference = AA4C99DC291F5E6600CD18DB /* QuickSensorWatch Watch App.app */;
			productType = "com.apple.product-type.application";
		};
		AA5BA7C529058A6000C266AE /* QuickSensor */ = {
			isa = PBXNativeTarget;
			buildConfigurationList = AA5BA7D529058A6100C266AE /* Build configuration list for PBXNativeTarget "QuickSensor" */;
			buildPhases = (
				AA5BA7C229058A6000C266AE /* Sources */,
				AA5BA7C329058A6000C266AE /* Frameworks */,
				AA5BA7C429058A6000C266AE /* Resources */,
			);
			buildRules = (
			);
			dependencies = (
			);
			name = QuickSensor;
			packageProductDependencies = (
			);
			productName = QuickSensor;
			productReference = AA5BA7C629058A6000C266AE /* QuickSensor.app */;
			productType = "com.apple.product-type.application";
		};
/* End PBXNativeTarget section */

/* Begin PBXProject section */
		AA5BA7BE29058A6000C266AE /* Project object */ = {
			isa = PBXProject;
			attributes = {
				BuildIndependentTargetsInParallel = 1;
				LastSwiftUpdateCheck = 1410;
				LastUpgradeCheck = 1410;
				TargetAttributes = {
					AA4C99DB291F5E6600CD18DB = {
						CreatedOnToolsVersion = 14.1;
					};
					AA5BA7C529058A6000C266AE = {
						CreatedOnToolsVersion = 14.1;
					};
				};
			};
			buildConfigurationList = AA5BA7C129058A6000C266AE /* Build configuration list for PBXProject "QuickSensor" */;
			compatibilityVersion = "Xcode 14.0";
			developmentRegion = en;
			hasScannedForEncodings = 0;
			knownRegions = (
				en,
				Base,
				"zh-Hans",
			);
			mainGroup = AA5BA7BD29058A6000C266AE;
			packageReferences = (
			);
			productRefGroup = AA5BA7C729058A6000C266AE /* Products */;
			projectDirPath = "";
			projectRoot = "";
			targets = (
				AA5BA7C529058A6000C266AE /* QuickSensor */,
				AA4C99DB291F5E6600CD18DB /* QuickSensorWatch Watch App */,
			);
		};
/* End PBXProject section */

/* Begin PBXResourcesBuildPhase section */
		AA4C99DA291F5E6600CD18DB /* Resources */ = {
			isa = PBXResourcesBuildPhase;
			buildActionMask = 2147483647;
			files = (
				AA4C99E9291F5E6700CD18DB /* Preview Assets.xcassets in Resources */,
				AA4C99F8291FA47400CD18DB /* Localizable.strings in Resources */,
				AA4C99E6291F5E6700CD18DB /* Assets.xcassets in Resources */,
			);
			runOnlyForDeploymentPostprocessing = 0;
		};
		AA5BA7C429058A6000C266AE /* Resources */ = {
			isa = PBXResourcesBuildPhase;
			buildActionMask = 2147483647;
			files = (
				AA5BA7D229058A6100C266AE /* Preview Assets.xcassets in Resources */,
				AA5BA7E529058B4B00C266AE /* Localizable.strings in Resources */,
				AA5BA7CE29058A6100C266AE /* Assets.xcassets in Resources */,
			);
			runOnlyForDeploymentPostprocessing = 0;
		};
/* End PBXResourcesBuildPhase section */

/* Begin PBXSourcesBuildPhase section */
		AA4C99D8291F5E6600CD18DB /* Sources */ = {
			isa = PBXSourcesBuildPhase;
			buildActionMask = 2147483647;
			files = (
				AA4C99F6291F9E9B00CD18DB /* QuickSensorOptionsModal.swift in Sources */,
				AAE4553E291FB174005A5C90 /* IlluminanceSensorSupport.swift in Sources */,
				AA4C99F7291F9ED800CD18DB /* UniversalSupport.swift in Sources */,
				AAE4553C291FB0D7005A5C90 /* NetworkSupport.swift in Sources */,
				AA4C99E4291F5E6600CD18DB /* ContentView.swift in Sources */,
				AAE4553D291FB174005A5C90 /* DHTSensorSupport.swift in Sources */,
				AA4C99F2291F5EFB00CD18DB /* QuickSensorListView.swift in Sources */,
				AA4C99E2291F5E6600CD18DB /* QuickSensorWatchApp.swift in Sources */,
			);
			runOnlyForDeploymentPostprocessing = 0;
		};
		AA5BA7C229058A6000C266AE /* Sources */ = {
			isa = PBXSourcesBuildPhase;
			buildActionMask = 2147483647;
			files = (
				AAABBAAF290A366800775A0F /* IlluminanceSensorMonitor.swift in Sources */,
				AAE72DBA290E1E330036688A /* UniversalSupport.swift in Sources */,
				AA33D6FB2916A75B005F215D /* DHTSensorMonitorDetailsGroup.swift in Sources */,
				AA5BA7CC29058A6000C266AE /* ContentView.swift in Sources */,
				AABCC97D29225CBB005C6B74 /* IlluminanceSensorRecordsView.swift in Sources */,
				AA5BA7D929058A8A00C266AE /* DHTSensorMonitor.swift in Sources */,
				AA0B31DC2906B7720098BB49 /* LaunchScreen.swift in Sources */,
				AA5BA7E229058ABD00C266AE /* QuickSensor.xcdatamodeld in Sources */,
				AA5BA7DD29058AA000C266AE /* DHTSensorSupport.swift in Sources */,
				AAAFE89729125EAB00E32A44 /* NetworkSupport.swift in Sources */,
				AA0B31D829064EA60098BB49 /* SidebarNavigationList.swift in Sources */,
				AAAE3EED290B743200F8E7F2 /* SettingsView.swift in Sources */,
				AAABBAB1290A379500775A0F /* IlluminanceSensorSupport.swift in Sources */,
				AA5BA7DF29058AAA00C266AE /* Persistence.swift in Sources */,
				AA5BA7CA29058A6000C266AE /* QuickSensorApp.swift in Sources */,
				AAE72DBC290E434B0036688A /* IlluminanceSensorView.swift in Sources */,
				AA9C52EA29152ACE00AD15AA /* SensorMonitorOptionsModal.swift in Sources */,
				AA46F260291A521F00D35052 /* DHTSensorProgressView.swift in Sources */,
				AA0B31D629064E790098BB49 /* DHTSensorView.swift in Sources */,
				AA5BA7DB29058A9500C266AE /* DHTSensorRecordsView.swift in Sources */,
				AA0B31DA2906B5D70098BB49 /* NavigationDetailView.swift in Sources */,
			);
			runOnlyForDeploymentPostprocessing = 0;
		};
/* End PBXSourcesBuildPhase section */

/* Begin PBXVariantGroup section */
		AA5BA7E729058B4B00C266AE /* Localizable.strings */ = {
			isa = PBXVariantGroup;
			children = (
				AA5BA7E629058B4B00C266AE /* zh-Hans */,
				AA5BA7E829058B5000C266AE /* en */,
			);
			name = Localizable.strings;
			sourceTree = "<group>";
		};
/* End PBXVariantGroup section */

/* Begin XCBuildConfiguration section */
		AA4C99ED291F5E6700CD18DB /* Debug */ = {
			isa = XCBuildConfiguration;
			buildSettings = {
				ASSETCATALOG_COMPILER_APPICON_NAME = AppIcon;
				ASSETCATALOG_COMPILER_GLOBAL_ACCENT_COLOR_NAME = AccentColor;
				CODE_SIGN_STYLE = Automatic;
				CURRENT_PROJECT_VERSION = 1;
				DEVELOPMENT_ASSET_PATHS = "\"QuickSensorWatch Watch App/Preview Content\"";
				DEVELOPMENT_TEAM = 8GYXTCSZPZ;
				ENABLE_PREVIEWS = YES;
				GENERATE_INFOPLIST_FILE = YES;
				INFOPLIST_KEY_CFBundleDisplayName = QuickSensorWatch;
				INFOPLIST_KEY_UISupportedInterfaceOrientations = "UIInterfaceOrientationPortrait UIInterfaceOrientationPortraitUpsideDown";
				INFOPLIST_KEY_WKWatchOnly = YES;
				LD_RUNPATH_SEARCH_PATHS = (
					"$(inherited)",
					"@executable_path/Frameworks",
				);
				MARKETING_VERSION = 1.0;
				PRODUCT_BUNDLE_IDENTIFIER = com.stv.x.QuickSensorWatch.watchkitapp;
				PRODUCT_NAME = "$(TARGET_NAME)";
				SDKROOT = watchos;
				SKIP_INSTALL = YES;
				SWIFT_EMIT_LOC_STRINGS = YES;
				SWIFT_VERSION = 5.0;
				TARGETED_DEVICE_FAMILY = 4;
				WATCHOS_DEPLOYMENT_TARGET = 9.1;
			};
			name = Debug;
		};
		AA4C99EE291F5E6700CD18DB /* Release */ = {
			isa = XCBuildConfiguration;
			buildSettings = {
				ASSETCATALOG_COMPILER_APPICON_NAME = AppIcon;
				ASSETCATALOG_COMPILER_GLOBAL_ACCENT_COLOR_NAME = AccentColor;
				CODE_SIGN_STYLE = Automatic;
				CURRENT_PROJECT_VERSION = 1;
				DEVELOPMENT_ASSET_PATHS = "\"QuickSensorWatch Watch App/Preview Content\"";
				DEVELOPMENT_TEAM = 8GYXTCSZPZ;
				ENABLE_PREVIEWS = YES;
				GENERATE_INFOPLIST_FILE = YES;
				INFOPLIST_KEY_CFBundleDisplayName = QuickSensorWatch;
				INFOPLIST_KEY_UISupportedInterfaceOrientations = "UIInterfaceOrientationPortrait UIInterfaceOrientationPortraitUpsideDown";
				INFOPLIST_KEY_WKWatchOnly = YES;
				LD_RUNPATH_SEARCH_PATHS = (
					"$(inherited)",
					"@executable_path/Frameworks",
				);
				MARKETING_VERSION = 1.0;
				PRODUCT_BUNDLE_IDENTIFIER = com.stv.x.QuickSensorWatch.watchkitapp;
				PRODUCT_NAME = "$(TARGET_NAME)";
				SDKROOT = watchos;
				SKIP_INSTALL = YES;
				SWIFT_EMIT_LOC_STRINGS = YES;
				SWIFT_VERSION = 5.0;
				TARGETED_DEVICE_FAMILY = 4;
				VALIDATE_PRODUCT = YES;
				WATCHOS_DEPLOYMENT_TARGET = 9.1;
			};
			name = Release;
		};
		AA5BA7D329058A6100C266AE /* Debug */ = {
			isa = XCBuildConfiguration;
			buildSettings = {
				ALWAYS_SEARCH_USER_PATHS = NO;
				CLANG_ANALYZER_NONNULL = YES;
				CLANG_ANALYZER_NUMBER_OBJECT_CONVERSION = YES_AGGRESSIVE;
				CLANG_CXX_LANGUAGE_STANDARD = "gnu++20";
				CLANG_ENABLE_MODULES = YES;
				CLANG_ENABLE_OBJC_ARC = YES;
				CLANG_ENABLE_OBJC_WEAK = YES;
				CLANG_WARN_BLOCK_CAPTURE_AUTORELEASING = YES;
				CLANG_WARN_BOOL_CONVERSION = YES;
				CLANG_WARN_COMMA = YES;
				CLANG_WARN_CONSTANT_CONVERSION = YES;
				CLANG_WARN_DEPRECATED_OBJC_IMPLEMENTATIONS = YES;
				CLANG_WARN_DIRECT_OBJC_ISA_USAGE = YES_ERROR;
				CLANG_WARN_DOCUMENTATION_COMMENTS = YES;
				CLANG_WARN_EMPTY_BODY = YES;
				CLANG_WARN_ENUM_CONVERSION = YES;
				CLANG_WARN_INFINITE_RECURSION = YES;
				CLANG_WARN_INT_CONVERSION = YES;
				CLANG_WARN_NON_LITERAL_NULL_CONVERSION = YES;
				CLANG_WARN_OBJC_IMPLICIT_RETAIN_SELF = YES;
				CLANG_WARN_OBJC_LITERAL_CONVERSION = YES;
				CLANG_WARN_OBJC_ROOT_CLASS = YES_ERROR;
				CLANG_WARN_QUOTED_INCLUDE_IN_FRAMEWORK_HEADER = YES;
				CLANG_WARN_RANGE_LOOP_ANALYSIS = YES;
				CLANG_WARN_STRICT_PROTOTYPES = YES;
				CLANG_WARN_SUSPICIOUS_MOVE = YES;
				CLANG_WARN_UNGUARDED_AVAILABILITY = YES_AGGRESSIVE;
				CLANG_WARN_UNREACHABLE_CODE = YES;
				CLANG_WARN__DUPLICATE_METHOD_MATCH = YES;
				COPY_PHASE_STRIP = NO;
				DEBUG_INFORMATION_FORMAT = dwarf;
				ENABLE_STRICT_OBJC_MSGSEND = YES;
				ENABLE_TESTABILITY = YES;
				GCC_C_LANGUAGE_STANDARD = gnu11;
				GCC_DYNAMIC_NO_PIC = NO;
				GCC_NO_COMMON_BLOCKS = YES;
				GCC_OPTIMIZATION_LEVEL = 0;
				GCC_PREPROCESSOR_DEFINITIONS = (
					"DEBUG=1",
					"$(inherited)",
				);
				GCC_WARN_64_TO_32_BIT_CONVERSION = YES;
				GCC_WARN_ABOUT_RETURN_TYPE = YES_ERROR;
				GCC_WARN_UNDECLARED_SELECTOR = YES;
				GCC_WARN_UNINITIALIZED_AUTOS = YES_AGGRESSIVE;
				GCC_WARN_UNUSED_FUNCTION = YES;
				GCC_WARN_UNUSED_VARIABLE = YES;
				MTL_ENABLE_DEBUG_INFO = INCLUDE_SOURCE;
				MTL_FAST_MATH = YES;
				ONLY_ACTIVE_ARCH = YES;
				SWIFT_ACTIVE_COMPILATION_CONDITIONS = DEBUG;
				SWIFT_OPTIMIZATION_LEVEL = "-Onone";
			};
			name = Debug;
		};
		AA5BA7D429058A6100C266AE /* Release */ = {
			isa = XCBuildConfiguration;
			buildSettings = {
				ALWAYS_SEARCH_USER_PATHS = NO;
				CLANG_ANALYZER_NONNULL = YES;
				CLANG_ANALYZER_NUMBER_OBJECT_CONVERSION = YES_AGGRESSIVE;
				CLANG_CXX_LANGUAGE_STANDARD = "gnu++20";
				CLANG_ENABLE_MODULES = YES;
				CLANG_ENABLE_OBJC_ARC = YES;
				CLANG_ENABLE_OBJC_WEAK = YES;
				CLANG_WARN_BLOCK_CAPTURE_AUTORELEASING = YES;
				CLANG_WARN_BOOL_CONVERSION = YES;
				CLANG_WARN_COMMA = YES;
				CLANG_WARN_CONSTANT_CONVERSION = YES;
				CLANG_WARN_DEPRECATED_OBJC_IMPLEMENTATIONS = YES;
				CLANG_WARN_DIRECT_OBJC_ISA_USAGE = YES_ERROR;
				CLANG_WARN_DOCUMENTATION_COMMENTS = YES;
				CLANG_WARN_EMPTY_BODY = YES;
				CLANG_WARN_ENUM_CONVERSION = YES;
				CLANG_WARN_INFINITE_RECURSION = YES;
				CLANG_WARN_INT_CONVERSION = YES;
				CLANG_WARN_NON_LITERAL_NULL_CONVERSION = YES;
				CLANG_WARN_OBJC_IMPLICIT_RETAIN_SELF = YES;
				CLANG_WARN_OBJC_LITERAL_CONVERSION = YES;
				CLANG_WARN_OBJC_ROOT_CLASS = YES_ERROR;
				CLANG_WARN_QUOTED_INCLUDE_IN_FRAMEWORK_HEADER = YES;
				CLANG_WARN_RANGE_LOOP_ANALYSIS = YES;
				CLANG_WARN_STRICT_PROTOTYPES = YES;
				CLANG_WARN_SUSPICIOUS_MOVE = YES;
				CLANG_WARN_UNGUARDED_AVAILABILITY = YES_AGGRESSIVE;
				CLANG_WARN_UNREACHABLE_CODE = YES;
				CLANG_WARN__DUPLICATE_METHOD_MATCH = YES;
				COPY_PHASE_STRIP = NO;
				DEBUG_INFORMATION_FORMAT = "dwarf-with-dsym";
				ENABLE_NS_ASSERTIONS = NO;
				ENABLE_STRICT_OBJC_MSGSEND = YES;
				GCC_C_LANGUAGE_STANDARD = gnu11;
				GCC_NO_COMMON_BLOCKS = YES;
				GCC_WARN_64_TO_32_BIT_CONVERSION = YES;
				GCC_WARN_ABOUT_RETURN_TYPE = YES_ERROR;
				GCC_WARN_UNDECLARED_SELECTOR = YES;
				GCC_WARN_UNINITIALIZED_AUTOS = YES_AGGRESSIVE;
				GCC_WARN_UNUSED_FUNCTION = YES;
				GCC_WARN_UNUSED_VARIABLE = YES;
				MTL_ENABLE_DEBUG_INFO = NO;
				MTL_FAST_MATH = YES;
				SWIFT_COMPILATION_MODE = wholemodule;
				SWIFT_OPTIMIZATION_LEVEL = "-O";
			};
			name = Release;
		};
		AA5BA7D629058A6100C266AE /* Debug */ = {
			isa = XCBuildConfiguration;
			buildSettings = {
				ASSETCATALOG_COMPILER_APPICON_NAME = AppIcon;
				ASSETCATALOG_COMPILER_GLOBAL_ACCENT_COLOR_NAME = AccentColor;
				CODE_SIGN_ENTITLEMENTS = QuickSensor/QuickSensor.entitlements;
				CODE_SIGN_STYLE = Automatic;
				CURRENT_PROJECT_VERSION = 1;
				DEVELOPMENT_ASSET_PATHS = "\"QuickSensor/Preview Content\"";
				DEVELOPMENT_TEAM = 8GYXTCSZPZ;
				ENABLE_HARDENED_RUNTIME = YES;
				ENABLE_PREVIEWS = YES;
				GENERATE_INFOPLIST_FILE = YES;
				"INFOPLIST_KEY_UIApplicationSceneManifest_Generation[sdk=iphoneos*]" = YES;
				"INFOPLIST_KEY_UIApplicationSceneManifest_Generation[sdk=iphonesimulator*]" = YES;
				"INFOPLIST_KEY_UIApplicationSupportsIndirectInputEvents[sdk=iphoneos*]" = YES;
				"INFOPLIST_KEY_UIApplicationSupportsIndirectInputEvents[sdk=iphonesimulator*]" = YES;
				"INFOPLIST_KEY_UILaunchScreen_Generation[sdk=iphoneos*]" = YES;
				"INFOPLIST_KEY_UILaunchScreen_Generation[sdk=iphonesimulator*]" = YES;
				"INFOPLIST_KEY_UIStatusBarStyle[sdk=iphoneos*]" = UIStatusBarStyleDefault;
				"INFOPLIST_KEY_UIStatusBarStyle[sdk=iphonesimulator*]" = UIStatusBarStyleDefault;
				INFOPLIST_KEY_UISupportedInterfaceOrientations_iPad = "UIInterfaceOrientationPortrait UIInterfaceOrientationPortraitUpsideDown UIInterfaceOrientationLandscapeLeft UIInterfaceOrientationLandscapeRight";
				INFOPLIST_KEY_UISupportedInterfaceOrientations_iPhone = "UIInterfaceOrientationPortrait UIInterfaceOrientationLandscapeLeft UIInterfaceOrientationLandscapeRight";
				IPHONEOS_DEPLOYMENT_TARGET = 16.1;
				LD_RUNPATH_SEARCH_PATHS = "@executable_path/Frameworks";
				"LD_RUNPATH_SEARCH_PATHS[sdk=macosx*]" = "@executable_path/../Frameworks";
				MACOSX_DEPLOYMENT_TARGET = 13.0;
				MARKETING_VERSION = 1.0;
				PRODUCT_BUNDLE_IDENTIFIER = com.stv.x.QuickSensor;
				PRODUCT_NAME = "$(TARGET_NAME)";
				SDKROOT = auto;
				SUPPORTED_PLATFORMS = "iphoneos iphonesimulator macosx";
				SWIFT_EMIT_LOC_STRINGS = YES;
				SWIFT_VERSION = 5.0;
				TARGETED_DEVICE_FAMILY = "1,2";
			};
			name = Debug;
		};
		AA5BA7D729058A6100C266AE /* Release */ = {
			isa = XCBuildConfiguration;
			buildSettings = {
				ASSETCATALOG_COMPILER_APPICON_NAME = AppIcon;
				ASSETCATALOG_COMPILER_GLOBAL_ACCENT_COLOR_NAME = AccentColor;
				CODE_SIGN_ENTITLEMENTS = QuickSensor/QuickSensor.entitlements;
				CODE_SIGN_STYLE = Automatic;
				CURRENT_PROJECT_VERSION = 1;
				DEVELOPMENT_ASSET_PATHS = "\"QuickSensor/Preview Content\"";
				DEVELOPMENT_TEAM = 8GYXTCSZPZ;
				ENABLE_HARDENED_RUNTIME = YES;
				ENABLE_PREVIEWS = YES;
				GENERATE_INFOPLIST_FILE = YES;
				"INFOPLIST_KEY_UIApplicationSceneManifest_Generation[sdk=iphoneos*]" = YES;
				"INFOPLIST_KEY_UIApplicationSceneManifest_Generation[sdk=iphonesimulator*]" = YES;
				"INFOPLIST_KEY_UIApplicationSupportsIndirectInputEvents[sdk=iphoneos*]" = YES;
				"INFOPLIST_KEY_UIApplicationSupportsIndirectInputEvents[sdk=iphonesimulator*]" = YES;
				"INFOPLIST_KEY_UILaunchScreen_Generation[sdk=iphoneos*]" = YES;
				"INFOPLIST_KEY_UILaunchScreen_Generation[sdk=iphonesimulator*]" = YES;
				"INFOPLIST_KEY_UIStatusBarStyle[sdk=iphoneos*]" = UIStatusBarStyleDefault;
				"INFOPLIST_KEY_UIStatusBarStyle[sdk=iphonesimulator*]" = UIStatusBarStyleDefault;
				INFOPLIST_KEY_UISupportedInterfaceOrientations_iPad = "UIInterfaceOrientationPortrait UIInterfaceOrientationPortraitUpsideDown UIInterfaceOrientationLandscapeLeft UIInterfaceOrientationLandscapeRight";
				INFOPLIST_KEY_UISupportedInterfaceOrientations_iPhone = "UIInterfaceOrientationPortrait UIInterfaceOrientationLandscapeLeft UIInterfaceOrientationLandscapeRight";
				IPHONEOS_DEPLOYMENT_TARGET = 16.1;
				LD_RUNPATH_SEARCH_PATHS = "@executable_path/Frameworks";
				"LD_RUNPATH_SEARCH_PATHS[sdk=macosx*]" = "@executable_path/../Frameworks";
				MACOSX_DEPLOYMENT_TARGET = 13.0;
				MARKETING_VERSION = 1.0;
				PRODUCT_BUNDLE_IDENTIFIER = com.stv.x.QuickSensor;
				PRODUCT_NAME = "$(TARGET_NAME)";
				SDKROOT = auto;
				SUPPORTED_PLATFORMS = "iphoneos iphonesimulator macosx";
				SWIFT_EMIT_LOC_STRINGS = YES;
				SWIFT_VERSION = 5.0;
				TARGETED_DEVICE_FAMILY = "1,2";
			};
			name = Release;
		};
/* End XCBuildConfiguration section */

/* Begin XCConfigurationList section */
		AA4C99EF291F5E6700CD18DB /* Build configuration list for PBXNativeTarget "QuickSensorWatch Watch App" */ = {
			isa = XCConfigurationList;
			buildConfigurations = (
				AA4C99ED291F5E6700CD18DB /* Debug */,
				AA4C99EE291F5E6700CD18DB /* Release */,
			);
			defaultConfigurationIsVisible = 0;
			defaultConfigurationName = Release;
		};
		AA5BA7C129058A6000C266AE /* Build configuration list for PBXProject "QuickSensor" */ = {
			isa = XCConfigurationList;
			buildConfigurations = (
				AA5BA7D329058A6100C266AE /* Debug */,
				AA5BA7D429058A6100C266AE /* Release */,
			);
			defaultConfigurationIsVisible = 0;
			defaultConfigurationName = Release;
		};
		AA5BA7D529058A6100C266AE /* Build configuration list for PBXNativeTarget "QuickSensor" */ = {
			isa = XCConfigurationList;
			buildConfigurations = (
				AA5BA7D629058A6100C266AE /* Debug */,
				AA5BA7D729058A6100C266AE /* Release */,
			);
			defaultConfigurationIsVisible = 0;
			defaultConfigurationName = Release;
		};
/* End XCConfigurationList section */

/* Begin XCVersionGroup section */
		AA5BA7E029058ABD00C266AE /* QuickSensor.xcdatamodeld */ = {
			isa = XCVersionGroup;
			children = (
				AA5BA7E129058ABD00C266AE /* QuickSensor.xcdatamodel */,
			);
			currentVersion = AA5BA7E129058ABD00C266AE /* QuickSensor.xcdatamodel */;
			path = QuickSensor.xcdatamodeld;
			sourceTree = "<group>";
			versionGroupType = wrapper.xcdatamodel;
		};
/* End XCVersionGroup section */
	};
	rootObject = AA5BA7BE29058A6000C266AE /* Project object */;
}
